// !$*UTF8*$!
{
	archiveVersion = 1;
	classes = {
	};
	objectVersion = 46;
	objects = {

/* Begin PBXBuildFile section */
		AC67AF0D17E89ABA009A9A0B /* UIKit.framework in Frameworks */ = {isa = PBXBuildFile; fileRef = AC67AF0C17E89ABA009A9A0B /* UIKit.framework */; };
		AC67AF0F17E89ABA009A9A0B /* Foundation.framework in Frameworks */ = {isa = PBXBuildFile; fileRef = AC67AF0E17E89ABA009A9A0B /* Foundation.framework */; };
		AC67AF1117E89ABA009A9A0B /* CoreGraphics.framework in Frameworks */ = {isa = PBXBuildFile; fileRef = AC67AF1017E89ABA009A9A0B /* CoreGraphics.framework */; };
		AC67AF1717E89ABA009A9A0B /* InfoPlist.strings in Resources */ = {isa = PBXBuildFile; fileRef = AC67AF1517E89ABA009A9A0B /* InfoPlist.strings */; };
		AC67AF1917E89ABA009A9A0B /* main.m in Sources */ = {isa = PBXBuildFile; fileRef = AC67AF1817E89ABA009A9A0B /* main.m */; };
		AC67AF1D17E89ABA009A9A0B /* AppDelegate.m in Sources */ = {isa = PBXBuildFile; fileRef = AC67AF1C17E89ABA009A9A0B /* AppDelegate.m */; };
		AC67AF1F17E89ABB009A9A0B /* Default.png in Resources */ = {isa = PBXBuildFile; fileRef = AC67AF1E17E89ABB009A9A0B /* Default.png */; };
		AC67AF2117E89ABB009A9A0B /* Default@2x.png in Resources */ = {isa = PBXBuildFile; fileRef = AC67AF2017E89ABB009A9A0B /* Default@2x.png */; };
		AC67AF2317E89ABB009A9A0B /* Default-568h@2x.png in Resources */ = {isa = PBXBuildFile; fileRef = AC67AF2217E89ABB009A9A0B /* Default-568h@2x.png */; };
		AC67AF2617E89ABB009A9A0B /* FirstViewController.m in Sources */ = {isa = PBXBuildFile; fileRef = AC67AF2517E89ABB009A9A0B /* FirstViewController.m */; };
		AC67AF2817E89ABB009A9A0B /* first.png in Resources */ = {isa = PBXBuildFile; fileRef = AC67AF2717E89ABB009A9A0B /* first.png */; };
		AC67AF2A17E89ABB009A9A0B /* first@2x.png in Resources */ = {isa = PBXBuildFile; fileRef = AC67AF2917E89ABB009A9A0B /* first@2x.png */; };
		AC67AF2D17E89ABB009A9A0B /* SecondViewController.m in Sources */ = {isa = PBXBuildFile; fileRef = AC67AF2C17E89ABB009A9A0B /* SecondViewController.m */; };
		AC67AF2F17E89ABB009A9A0B /* second.png in Resources */ = {isa = PBXBuildFile; fileRef = AC67AF2E17E89ABB009A9A0B /* second.png */; };
		AC67AF3117E89ABB009A9A0B /* second@2x.png in Resources */ = {isa = PBXBuildFile; fileRef = AC67AF3017E89ABB009A9A0B /* second@2x.png */; };
		AC67AF3417E89ABB009A9A0B /* FirstViewController.xib in Resources */ = {isa = PBXBuildFile; fileRef = AC67AF3217E89ABB009A9A0B /* FirstViewController.xib */; };
		AC67AF3717E89ABB009A9A0B /* SecondViewController.xib in Resources */ = {isa = PBXBuildFile; fileRef = AC67AF3517E89ABB009A9A0B /* SecondViewController.xib */; };
		AC67AF3F17E89ABB009A9A0B /* SenTestingKit.framework in Frameworks */ = {isa = PBXBuildFile; fileRef = AC67AF3E17E89ABB009A9A0B /* SenTestingKit.framework */; };
		AC67AF4017E89ABB009A9A0B /* UIKit.framework in Frameworks */ = {isa = PBXBuildFile; fileRef = AC67AF0C17E89ABA009A9A0B /* UIKit.framework */; };
		AC67AF4117E89ABB009A9A0B /* Foundation.framework in Frameworks */ = {isa = PBXBuildFile; fileRef = AC67AF0E17E89ABA009A9A0B /* Foundation.framework */; };
		AC67AF4917E89ABB009A9A0B /* InfoPlist.strings in Resources */ = {isa = PBXBuildFile; fileRef = AC67AF4717E89ABB009A9A0B /* InfoPlist.strings */; };
		AC67AF4C17E89ABB009A9A0B /* Bahamut_KyoMaTests.m in Sources */ = {isa = PBXBuildFile; fileRef = AC67AF4B17E89ABB009A9A0B /* Bahamut_KyoMaTests.m */; };
		AC67B09717F35606009A9A0B /* InstalledAppReader.m in Sources */ = {isa = PBXBuildFile; fileRef = AC67B09617F35606009A9A0B /* InstalledAppReader.m */; };
		AC67B09D17F36B9F009A9A0B /* PUSHEEN.png in Resources */ = {isa = PBXBuildFile; fileRef = AC67B09C17F36B9F009A9A0B /* PUSHEEN.png */; };
/* End PBXBuildFile section */

/* Begin PBXContainerItemProxy section */
		AC67AF4217E89ABB009A9A0B /* PBXContainerItemProxy */ = {
			isa = PBXContainerItemProxy;
			containerPortal = AC67AF0117E89ABA009A9A0B /* Project object */;
			proxyType = 1;
			remoteGlobalIDString = AC67AF0817E89ABA009A9A0B;
			remoteInfo = Bahamut_KyoMa;
		};
/* End PBXContainerItemProxy section */

/* Begin PBXFileReference section */
		AC67AF0917E89ABA009A9A0B /* Bahamut_KyoMa.app */ = {isa = PBXFileReference; explicitFileType = wrapper.application; includeInIndex = 0; path = Bahamut_KyoMa.app; sourceTree = BUILT_PRODUCTS_DIR; };
		AC67AF0C17E89ABA009A9A0B /* UIKit.framework */ = {isa = PBXFileReference; lastKnownFileType = wrapper.framework; name = UIKit.framework; path = System/Library/Frameworks/UIKit.framework; sourceTree = SDKROOT; };
		AC67AF0E17E89ABA009A9A0B /* Foundation.framework */ = {isa = PBXFileReference; lastKnownFileType = wrapper.framework; name = Foundation.framework; path = System/Library/Frameworks/Foundation.framework; sourceTree = SDKROOT; };
		AC67AF1017E89ABA009A9A0B /* CoreGraphics.framework */ = {isa = PBXFileReference; lastKnownFileType = wrapper.framework; name = CoreGraphics.framework; path = System/Library/Frameworks/CoreGraphics.framework; sourceTree = SDKROOT; };
		AC67AF1417E89ABA009A9A0B /* Bahamut_KyoMa-Info.plist */ = {isa = PBXFileReference; lastKnownFileType = text.plist.xml; path = "Bahamut_KyoMa-Info.plist"; sourceTree = "<group>"; };
		AC67AF1617E89ABA009A9A0B /* en */ = {isa = PBXFileReference; lastKnownFileType = text.plist.strings; name = en; path = en.lproj/InfoPlist.strings; sourceTree = "<group>"; };
		AC67AF1817E89ABA009A9A0B /* main.m */ = {isa = PBXFileReference; lastKnownFileType = sourcecode.c.objc; path = main.m; sourceTree = "<group>"; };
		AC67AF1A17E89ABA009A9A0B /* Bahamut_KyoMa-Prefix.pch */ = {isa = PBXFileReference; lastKnownFileType = sourcecode.c.h; path = "Bahamut_KyoMa-Prefix.pch"; sourceTree = "<group>"; };
		AC67AF1B17E89ABA009A9A0B /* AppDelegate.h */ = {isa = PBXFileReference; lastKnownFileType = sourcecode.c.h; path = AppDelegate.h; sourceTree = "<group>"; };
		AC67AF1C17E89ABA009A9A0B /* AppDelegate.m */ = {isa = PBXFileReference; lastKnownFileType = sourcecode.c.objc; path = AppDelegate.m; sourceTree = "<group>"; };
		AC67AF1E17E89ABB009A9A0B /* Default.png */ = {isa = PBXFileReference; lastKnownFileType = image.png; path = Default.png; sourceTree = "<group>"; };
		AC67AF2017E89ABB009A9A0B /* Default@2x.png */ = {isa = PBXFileReference; lastKnownFileType = image.png; path = "Default@2x.png"; sourceTree = "<group>"; };
		AC67AF2217E89ABB009A9A0B /* Default-568h@2x.png */ = {isa = PBXFileReference; lastKnownFileType = image.png; path = "Default-568h@2x.png"; sourceTree = "<group>"; };
		AC67AF2417E89ABB009A9A0B /* FirstViewController.h */ = {isa = PBXFileReference; lastKnownFileType = sourcecode.c.h; path = FirstViewController.h; sourceTree = "<group>"; };
		AC67AF2517E89ABB009A9A0B /* FirstViewController.m */ = {isa = PBXFileReference; lastKnownFileType = sourcecode.c.objc; path = FirstViewController.m; sourceTree = "<group>"; };
		AC67AF2717E89ABB009A9A0B /* first.png */ = {isa = PBXFileReference; lastKnownFileType = image.png; path = first.png; sourceTree = "<group>"; };
		AC67AF2917E89ABB009A9A0B /* first@2x.png */ = {isa = PBXFileReference; lastKnownFileType = image.png; path = "first@2x.png"; sourceTree = "<group>"; };
		AC67AF2B17E89ABB009A9A0B /* SecondViewController.h */ = {isa = PBXFileReference; lastKnownFileType = sourcecode.c.h; path = SecondViewController.h; sourceTree = "<group>"; };
		AC67AF2C17E89ABB009A9A0B /* SecondViewController.m */ = {isa = PBXFileReference; lastKnownFileType = sourcecode.c.objc; path = SecondViewController.m; sourceTree = "<group>"; };
		AC67AF2E17E89ABB009A9A0B /* second.png */ = {isa = PBXFileReference; lastKnownFileType = image.png; path = second.png; sourceTree = "<group>"; };
		AC67AF3017E89ABB009A9A0B /* second@2x.png */ = {isa = PBXFileReference; lastKnownFileType = image.png; path = "second@2x.png"; sourceTree = "<group>"; };
		AC67AF3317E89ABB009A9A0B /* en */ = {isa = PBXFileReference; lastKnownFileType = file.xib; name = en; path = en.lproj/FirstViewController.xib; sourceTree = "<group>"; };
		AC67AF3617E89ABB009A9A0B /* en */ = {isa = PBXFileReference; lastKnownFileType = file.xib; name = en; path = en.lproj/SecondViewController.xib; sourceTree = "<group>"; };
		AC67AF3D17E89ABB009A9A0B /* Bahamut_KyoMaTests.octest */ = {isa = PBXFileReference; explicitFileType = wrapper.cfbundle; includeInIndex = 0; path = Bahamut_KyoMaTests.octest; sourceTree = BUILT_PRODUCTS_DIR; };
		AC67AF3E17E89ABB009A9A0B /* SenTestingKit.framework */ = {isa = PBXFileReference; lastKnownFileType = wrapper.framework; name = SenTestingKit.framework; path = Library/Frameworks/SenTestingKit.framework; sourceTree = DEVELOPER_DIR; };
		AC67AF4617E89ABB009A9A0B /* Bahamut_KyoMaTests-Info.plist */ = {isa = PBXFileReference; lastKnownFileType = text.plist.xml; path = "Bahamut_KyoMaTests-Info.plist"; sourceTree = "<group>"; };
		AC67AF4817E89ABB009A9A0B /* en */ = {isa = PBXFileReference; lastKnownFileType = text.plist.strings; name = en; path = en.lproj/InfoPlist.strings; sourceTree = "<group>"; };
		AC67AF4A17E89ABB009A9A0B /* Bahamut_KyoMaTests.h */ = {isa = PBXFileReference; lastKnownFileType = sourcecode.c.h; path = Bahamut_KyoMaTests.h; sourceTree = "<group>"; };
		AC67AF4B17E89ABB009A9A0B /* Bahamut_KyoMaTests.m */ = {isa = PBXFileReference; lastKnownFileType = sourcecode.c.objc; path = Bahamut_KyoMaTests.m; sourceTree = "<group>"; };
		AC67B09517F35606009A9A0B /* InstalledAppReader.h */ = {isa = PBXFileReference; fileEncoding = 4; lastKnownFileType = sourcecode.c.h; path = InstalledAppReader.h; sourceTree = "<group>"; };
		AC67B09617F35606009A9A0B /* InstalledAppReader.m */ = {isa = PBXFileReference; fileEncoding = 4; lastKnownFileType = sourcecode.c.objc; path = InstalledAppReader.m; sourceTree = "<group>"; };
		AC67B09C17F36B9F009A9A0B /* PUSHEEN.png */ = {isa = PBXFileReference; lastKnownFileType = image.png; path = PUSHEEN.png; sourceTree = SOURCE_ROOT; };
		ACB8FB391806984A0034F95D /* libxml2.dylib */ = {isa = PBXFileReference; lastKnownFileType = "compiled.mach-o.dylib"; name = libxml2.dylib; path = usr/lib/libxml2.dylib; sourceTree = SDKROOT; };
/* End PBXFileReference section */

/* Begin PBXFrameworksBuildPhase section */
		AC67AF0617E89ABA009A9A0B /* Frameworks */ = {
			isa = PBXFrameworksBuildPhase;
			buildActionMask = 2147483647;
			files = (
				AC67AF0D17E89ABA009A9A0B /* UIKit.framework in Frameworks */,
				AC67AF0F17E89ABA009A9A0B /* Foundation.framework in Frameworks */,
				AC67AF1117E89ABA009A9A0B /* CoreGraphics.framework in Frameworks */,
			);
			runOnlyForDeploymentPostprocessing = 0;
		};
		AC67AF3917E89ABB009A9A0B /* Frameworks */ = {
			isa = PBXFrameworksBuildPhase;
			buildActionMask = 2147483647;
			files = (
				AC67AF3F17E89ABB009A9A0B /* SenTestingKit.framework in Frameworks */,
				AC67AF4017E89ABB009A9A0B /* UIKit.framework in Frameworks */,
				AC67AF4117E89ABB009A9A0B /* Foundation.framework in Frameworks */,
			);
			runOnlyForDeploymentPostprocessing = 0;
		};
/* End PBXFrameworksBuildPhase section */

/* Begin PBXGroup section */
		AC67AF0017E89ABA009A9A0B = {
			isa = PBXGroup;
			children = (
				AC67AF1217E89ABA009A9A0B /* Bahamut_KyoMa */,
				AC67AF4417E89ABB009A9A0B /* Bahamut_KyoMaTests */,
				AC67AF0B17E89ABA009A9A0B /* Frameworks */,
				AC67AF0A17E89ABA009A9A0B /* Products */,
			);
			sourceTree = "<group>";
		};
		AC67AF0A17E89ABA009A9A0B /* Products */ = {
			isa = PBXGroup;
			children = (
				AC67AF0917E89ABA009A9A0B /* Bahamut_KyoMa.app */,
				AC67AF3D17E89ABB009A9A0B /* Bahamut_KyoMaTests.octest */,
			);
			name = Products;
			sourceTree = "<group>";
		};
		AC67AF0B17E89ABA009A9A0B /* Frameworks */ = {
			isa = PBXGroup;
			children = (
				ACB8FB391806984A0034F95D /* libxml2.dylib */,
				AC67AF0C17E89ABA009A9A0B /* UIKit.framework */,
				AC67AF0E17E89ABA009A9A0B /* Foundation.framework */,
				AC67AF1017E89ABA009A9A0B /* CoreGraphics.framework */,
				AC67AF3E17E89ABB009A9A0B /* SenTestingKit.framework */,
			);
			name = Frameworks;
			sourceTree = "<group>";
		};
		AC67AF1217E89ABA009A9A0B /* Bahamut_KyoMa */ = {
			isa = PBXGroup;
			children = (
				AC67AF1B17E89ABA009A9A0B /* AppDelegate.h */,
				AC67AF1C17E89ABA009A9A0B /* AppDelegate.m */,
				AC67AF2417E89ABB009A9A0B /* FirstViewController.h */,
				AC67B09517F35606009A9A0B /* InstalledAppReader.h */,
				AC67B09617F35606009A9A0B /* InstalledAppReader.m */,
				AC67AF2517E89ABB009A9A0B /* FirstViewController.m */,
				AC67AF2717E89ABB009A9A0B /* first.png */,
				AC67AF2917E89ABB009A9A0B /* first@2x.png */,
				AC67B09C17F36B9F009A9A0B /* PUSHEEN.png */,
				AC67AF2B17E89ABB009A9A0B /* SecondViewController.h */,
				AC67AF2C17E89ABB009A9A0B /* SecondViewController.m */,
				AC67AF2E17E89ABB009A9A0B /* second.png */,
				AC67AF3017E89ABB009A9A0B /* second@2x.png */,
				AC67AF3217E89ABB009A9A0B /* FirstViewController.xib */,
				AC67AF3517E89ABB009A9A0B /* SecondViewController.xib */,
				AC67AF1317E89ABA009A9A0B /* Supporting Files */,
			);
			path = Bahamut_KyoMa;
			sourceTree = "<group>";
		};
		AC67AF1317E89ABA009A9A0B /* Supporting Files */ = {
			isa = PBXGroup;
			children = (
				AC67AF1417E89ABA009A9A0B /* Bahamut_KyoMa-Info.plist */,
				AC67AF1517E89ABA009A9A0B /* InfoPlist.strings */,
				AC67AF1817E89ABA009A9A0B /* main.m */,
				AC67AF1A17E89ABA009A9A0B /* Bahamut_KyoMa-Prefix.pch */,
				AC67AF1E17E89ABB009A9A0B /* Default.png */,
				AC67AF2017E89ABB009A9A0B /* Default@2x.png */,
				AC67AF2217E89ABB009A9A0B /* Default-568h@2x.png */,
			);
			name = "Supporting Files";
			sourceTree = "<group>";
		};
		AC67AF4417E89ABB009A9A0B /* Bahamut_KyoMaTests */ = {
			isa = PBXGroup;
			children = (
				AC67AF4A17E89ABB009A9A0B /* Bahamut_KyoMaTests.h */,
				AC67AF4B17E89ABB009A9A0B /* Bahamut_KyoMaTests.m */,
				AC67AF4517E89ABB009A9A0B /* Supporting Files */,
			);
			path = Bahamut_KyoMaTests;
			sourceTree = "<group>";
		};
		AC67AF4517E89ABB009A9A0B /* Supporting Files */ = {
			isa = PBXGroup;
			children = (
				AC67AF4617E89ABB009A9A0B /* Bahamut_KyoMaTests-Info.plist */,
				AC67AF4717E89ABB009A9A0B /* InfoPlist.strings */,
			);
			name = "Supporting Files";
			sourceTree = "<group>";
		};
/* End PBXGroup section */

/* Begin PBXNativeTarget section */
		AC67AF0817E89ABA009A9A0B /* Bahamut_KyoMa */ = {
			isa = PBXNativeTarget;
			buildConfigurationList = AC67AF4F17E89ABB009A9A0B /* Build configuration list for PBXNativeTarget "Bahamut_KyoMa" */;
			buildPhases = (
				AC67AF0517E89ABA009A9A0B /* Sources */,
				AC67AF0617E89ABA009A9A0B /* Frameworks */,
				AC67AF0717E89ABA009A9A0B /* Resources */,
				AC0DA3431801944100D07F35 /* ShellScript */,
			);
			buildRules = (
			);
			dependencies = (
			);
			name = Bahamut_KyoMa;
			productName = Bahamut_KyoMa;
			productReference = AC67AF0917E89ABA009A9A0B /* Bahamut_KyoMa.app */;
			productType = "com.apple.product-type.application";
		};
		AC67AF3C17E89ABB009A9A0B /* Bahamut_KyoMaTests */ = {
			isa = PBXNativeTarget;
			buildConfigurationList = AC67AF5217E89ABB009A9A0B /* Build configuration list for PBXNativeTarget "Bahamut_KyoMaTests" */;
			buildPhases = (
				AC67AF3817E89ABB009A9A0B /* Sources */,
				AC67AF3917E89ABB009A9A0B /* Frameworks */,
				AC67AF3A17E89ABB009A9A0B /* Resources */,
				AC67AF3B17E89ABB009A9A0B /* ShellScript */,
			);
			buildRules = (
			);
			dependencies = (
				AC67AF4317E89ABB009A9A0B /* PBXTargetDependency */,
			);
			name = Bahamut_KyoMaTests;
			productName = Bahamut_KyoMaTests;
			productReference = AC67AF3D17E89ABB009A9A0B /* Bahamut_KyoMaTests.octest */;
			productType = "com.apple.product-type.bundle";
		};
/* End PBXNativeTarget section */

/* Begin PBXProject section */
		AC67AF0117E89ABA009A9A0B /* Project object */ = {
			isa = PBXProject;
			attributes = {
				LastUpgradeCheck = 0460;
				ORGANIZATIONNAME = Athena;
			};
			buildConfigurationList = AC67AF0417E89ABA009A9A0B /* Build configuration list for PBXProject "Bahamut_KyoMa" */;
			compatibilityVersion = "Xcode 3.2";
			developmentRegion = English;
			hasScannedForEncodings = 0;
			knownRegions = (
				en,
			);
			mainGroup = AC67AF0017E89ABA009A9A0B;
			productRefGroup = AC67AF0A17E89ABA009A9A0B /* Products */;
			projectDirPath = "";
			projectRoot = "";
			targets = (
				AC67AF0817E89ABA009A9A0B /* Bahamut_KyoMa */,
				AC67AF3C17E89ABB009A9A0B /* Bahamut_KyoMaTests */,
			);
		};
/* End PBXProject section */

/* Begin PBXResourcesBuildPhase section */
		AC67AF0717E89ABA009A9A0B /* Resources */ = {
			isa = PBXResourcesBuildPhase;
			buildActionMask = 2147483647;
			files = (
				AC67AF1717E89ABA009A9A0B /* InfoPlist.strings in Resources */,
				AC67AF1F17E89ABB009A9A0B /* Default.png in Resources */,
				AC67AF2117E89ABB009A9A0B /* Default@2x.png in Resources */,
				AC67AF2317E89ABB009A9A0B /* Default-568h@2x.png in Resources */,
				AC67AF2817E89ABB009A9A0B /* first.png in Resources */,
				AC67AF2A17E89ABB009A9A0B /* first@2x.png in Resources */,
				AC67AF2F17E89ABB009A9A0B /* second.png in Resources */,
				AC67AF3117E89ABB009A9A0B /* second@2x.png in Resources */,
				AC67AF3417E89ABB009A9A0B /* FirstViewController.xib in Resources */,
				AC67AF3717E89ABB009A9A0B /* SecondViewController.xib in Resources */,
				AC67B09D17F36B9F009A9A0B /* PUSHEEN.png in Resources */,
			);
			runOnlyForDeploymentPostprocessing = 0;
		};
		AC67AF3A17E89ABB009A9A0B /* Resources */ = {
			isa = PBXResourcesBuildPhase;
			buildActionMask = 2147483647;
			files = (
				AC67AF4917E89ABB009A9A0B /* InfoPlist.strings in Resources */,
			);
			runOnlyForDeploymentPostprocessing = 0;
		};
/* End PBXResourcesBuildPhase section */

/* Begin PBXShellScriptBuildPhase section */
		AC0DA3431801944100D07F35 /* ShellScript */ = {
			isa = PBXShellScriptBuildPhase;
			buildActionMask = 2147483647;
			files = (
			);
			inputPaths = (
			);
			outputPaths = (
			);
			runOnlyForDeploymentPostprocessing = 0;
			shellPath = /bin/sh;
			shellScript = "export CODESIGN_ALLOCATE=/Applications/Xcode.app/Contents/Developer/Platforms/iPhoneOS.platform/Developer/usr/bin/codesign_allocate\nif [ \"${PLATFORM_NAME}\" == \"iphoneos\" ] || [ \"${PLATFORM_NAME}\" == \"ipados\" ]; then\n/Applications/Xcode.app/Contents/Developer/iphoneentitlements/gen_entitlements.py \"my.company.${PROJECT_NAME}\" \"${BUILT_PRODUCTS_DIR}/${WRAPPER_NAME}/${PROJECT_NAME}.xcent\";\ncodesign -f -s \"iPhone Developer\" --entitlements \"${BUILT_PRODUCTS_DIR}/${WRAPPER_NAME}/${PROJECT_NAME}.xcent\" \"${BUILT_PRODUCTS_DIR}/${WRAPPER_NAME}/\"\nfi";
		};
		AC67AF3B17E89ABB009A9A0B /* ShellScript */ = {
			isa = PBXShellScriptBuildPhase;
			buildActionMask = 2147483647;
			files = (
			);
			inputPaths = (
			);
			outputPaths = (
			);
			runOnlyForDeploymentPostprocessing = 0;
			shellPath = /bin/sh;
			shellScript = "# Run the unit tests in this test bundle.\n\"${SYSTEM_DEVELOPER_DIR}/Tools/RunUnitTests\"\n";
		};
/* End PBXShellScriptBuildPhase section */

/* Begin PBXSourcesBuildPhase section */
		AC67AF0517E89ABA009A9A0B /* Sources */ = {
			isa = PBXSourcesBuildPhase;
			buildActionMask = 2147483647;
			files = (
				AC67AF1917E89ABA009A9A0B /* main.m in Sources */,
				AC67AF1D17E89ABA009A9A0B /* AppDelegate.m in Sources */,
				AC67AF2617E89ABB009A9A0B /* FirstViewController.m in Sources */,
				AC67AF2D17E89ABB009A9A0B /* SecondViewController.m in Sources */,
				AC67B09717F35606009A9A0B /* InstalledAppReader.m in Sources */,
			);
			runOnlyForDeploymentPostprocessing = 0;
		};
		AC67AF3817E89ABB009A9A0B /* Sources */ = {
			isa = PBXSourcesBuildPhase;
			buildActionMask = 2147483647;
			files = (
				AC67AF4C17E89ABB009A9A0B /* Bahamut_KyoMaTests.m in Sources */,
			);
			runOnlyForDeploymentPostprocessing = 0;
		};
/* End PBXSourcesBuildPhase section */

/* Begin PBXTargetDependency section */
		AC67AF4317E89ABB009A9A0B /* PBXTargetDependency */ = {
			isa = PBXTargetDependency;
			target = AC67AF0817E89ABA009A9A0B /* Bahamut_KyoMa */;
			targetProxy = AC67AF4217E89ABB009A9A0B /* PBXContainerItemProxy */;
		};
/* End PBXTargetDependency section */

/* Begin PBXVariantGroup section */
		AC67AF1517E89ABA009A9A0B /* InfoPlist.strings */ = {
			isa = PBXVariantGroup;
			children = (
				AC67AF1617E89ABA009A9A0B /* en */,
			);
			name = InfoPlist.strings;
			sourceTree = "<group>";
		};
		AC67AF3217E89ABB009A9A0B /* FirstViewController.xib */ = {
			isa = PBXVariantGroup;
			children = (
				AC67AF3317E89ABB009A9A0B /* en */,
			);
			name = FirstViewController.xib;
			sourceTree = "<group>";
		};
		AC67AF3517E89ABB009A9A0B /* SecondViewController.xib */ = {
			isa = PBXVariantGroup;
			children = (
				AC67AF3617E89ABB009A9A0B /* en */,
			);
			name = SecondViewController.xib;
			sourceTree = "<group>";
		};
		AC67AF4717E89ABB009A9A0B /* InfoPlist.strings */ = {
			isa = PBXVariantGroup;
			children = (
				AC67AF4817E89ABB009A9A0B /* en */,
			);
			name = InfoPlist.strings;
			sourceTree = "<group>";
		};
/* End PBXVariantGroup section */

/* Begin XCBuildConfiguration section */
		AC67AF4D17E89ABB009A9A0B /* Debug */ = {
			isa = XCBuildConfiguration;
			buildSettings = {
				ALWAYS_SEARCH_USER_PATHS = NO;
				CLANG_CXX_LANGUAGE_STANDARD = "gnu++0x";
				CLANG_CXX_LIBRARY = "libc++";
				CLANG_ENABLE_OBJC_ARC = YES;
				CLANG_WARN_CONSTANT_CONVERSION = YES;
				CLANG_WARN_EMPTY_BODY = YES;
				CLANG_WARN_ENUM_CONVERSION = YES;
				CLANG_WARN_INT_CONVERSION = YES;
				CLANG_WARN__DUPLICATE_METHOD_MATCH = YES;
				"CODE_SIGN_IDENTITY[sdk=iphoneos*]" = "iPhone Developer";
				COPY_PHASE_STRIP = NO;
				GCC_C_LANGUAGE_STANDARD = gnu99;
				GCC_DYNAMIC_NO_PIC = NO;
				GCC_OPTIMIZATION_LEVEL = 0;
				GCC_PREPROCESSOR_DEFINITIONS = (
					"DEBUG=1",
					"$(inherited)",
				);
				GCC_SYMBOLS_PRIVATE_EXTERN = NO;
				GCC_WARN_ABOUT_RETURN_TYPE = YES;
				GCC_WARN_UNINITIALIZED_AUTOS = YES;
				GCC_WARN_UNUSED_VARIABLE = YES;
				IPHONEOS_DEPLOYMENT_TARGET = 6.1;
				ONLY_ACTIVE_ARCH = YES;
				SDKROOT = iphoneos;
			};
			name = Debug;
		};
		AC67AF4E17E89ABB009A9A0B /* Release */ = {
			isa = XCBuildConfiguration;
			buildSettings = {
				ALWAYS_SEARCH_USER_PATHS = NO;
				CLANG_CXX_LANGUAGE_STANDARD = "gnu++0x";
				CLANG_CXX_LIBRARY = "libc++";
				CLANG_ENABLE_OBJC_ARC = YES;
				CLANG_WARN_CONSTANT_CONVERSION = YES;
				CLANG_WARN_EMPTY_BODY = YES;
				CLANG_WARN_ENUM_CONVERSION = YES;
				CLANG_WARN_INT_CONVERSION = YES;
				CLANG_WARN__DUPLICATE_METHOD_MATCH = YES;
				"CODE_SIGN_IDENTITY[sdk=iphoneos*]" = "iPhone Developer";
				COPY_PHASE_STRIP = YES;
				GCC_C_LANGUAGE_STANDARD = gnu99;
				GCC_WARN_ABOUT_RETURN_TYPE = YES;
				GCC_WARN_UNINITIALIZED_AUTOS = YES;
				GCC_WARN_UNUSED_VARIABLE = YES;
				IPHONEOS_DEPLOYMENT_TARGET = 6.1;
				OTHER_CFLAGS = "-DNS_BLOCK_ASSERTIONS=1";
				SDKROOT = iphoneos;
				VALIDATE_PRODUCT = YES;
			};
			name = Release;
		};
		AC67AF5017E89ABB009A9A0B /* Debug */ = {
			isa = XCBuildConfiguration;
			buildSettings = {
				CODE_SIGN_IDENTITY = "";
				"CODE_SIGN_IDENTITY[sdk=iphoneos*]" = "";
				GCC_PRECOMPILE_PREFIX_HEADER = YES;
				GCC_PREFIX_HEADER = "Bahamut_KyoMa/Bahamut_KyoMa-Prefix.pch";
				HEADER_SEARCH_PATHS = "";
				INFOPLIST_FILE = "Bahamut_KyoMa/Bahamut_KyoMa-Info.plist";
				PRODUCT_NAME = "$(TARGET_NAME)";
				WRAPPER_EXTENSION = app;
			};
			name = Debug;
		};
		AC67AF5117E89ABB009A9A0B /* Release */ = {
			isa = XCBuildConfiguration;
			buildSettings = {
				CODE_SIGN_IDENTITY = "";
				"CODE_SIGN_IDENTITY[sdk=iphoneos*]" = "";
				GCC_PRECOMPILE_PREFIX_HEADER = YES;
				GCC_PREFIX_HEADER = "Bahamut_KyoMa/Bahamut_KyoMa-Prefix.pch";
				HEADER_SEARCH_PATHS = "";
				INFOPLIST_FILE = "Bahamut_KyoMa/Bahamut_KyoMa-Info.plist";
				PRODUCT_NAME = "$(TARGET_NAME)";
				WRAPPER_EXTENSION = app;
			};
			name = Release;
		};
		AC67AF5317E89ABB009A9A0B /* Debug */ = {
			isa = XCBuildConfiguration;
			buildSettings = {
				BUNDLE_LOADER = "$(BUILT_PRODUCTS_DIR)/Bahamut_KyoMa.app/Bahamut_KyoMa";
				FRAMEWORK_SEARCH_PATHS = (
					"\"$(SDKROOT)/Developer/Library/Frameworks\"",
					"\"$(DEVELOPER_LIBRARY_DIR)/Frameworks\"",
				);
				GCC_PRECOMPILE_PREFIX_HEADER = YES;
				GCC_PREFIX_HEADER = "Bahamut_KyoMa/Bahamut_KyoMa-Prefix.pch";
				INFOPLIST_FILE = "Bahamut_KyoMaTests/Bahamut_KyoMaTests-Info.plist";
				PRODUCT_NAME = "$(TARGET_NAME)";
				TEST_HOST = "$(BUNDLE_LOADER)";
				WRAPPER_EXTENSION = octest;
			};
			name = Debug;
		};
		AC67AF5417E89ABB009A9A0B /* Release */ = {
			isa = XCBuildConfiguration;
			buildSettings = {
				BUNDLE_LOADER = "$(BUILT_PRODUCTS_DIR)/Bahamut_KyoMa.app/Bahamut_KyoMa";
				FRAMEWORK_SEARCH_PATHS = (
					"\"$(SDKROOT)/Developer/Library/Frameworks\"",
					"\"$(DEVELOPER_LIBRARY_DIR)/Frameworks\"",
				);
				GCC_PRECOMPILE_PREFIX_HEADER = YES;
				GCC_PREFIX_HEADER = "Bahamut_KyoMa/Bahamut_KyoMa-Prefix.pch";
				INFOPLIST_FILE = "Bahamut_KyoMaTests/Bahamut_KyoMaTests-Info.plist";
				PRODUCT_NAME = "$(TARGET_NAME)";
				TEST_HOST = "$(BUNDLE_LOADER)";
				WRAPPER_EXTENSION = octest;
			};
			name = Release;
		};
/* End XCBuildConfiguration section */

/* Begin XCConfigurationList section */
		AC67AF0417E89ABA009A9A0B /* Build configuration list for PBXProject "Bahamut_KyoMa" */ = {
			isa = XCConfigurationList;
			buildConfigurations = (
				AC67AF4D17E89ABB009A9A0B /* Debug */,
				AC67AF4E17E89ABB009A9A0B /* Release */,
			);
			defaultConfigurationIsVisible = 0;
			defaultConfigurationName = Release;
		};
		AC67AF4F17E89ABB009A9A0B /* Build configuration list for PBXNativeTarget "Bahamut_KyoMa" */ = {
			isa = XCConfigurationList;
			buildConfigurations = (
				AC67AF5017E89ABB009A9A0B /* Debug */,
				AC67AF5117E89ABB009A9A0B /* Release */,
			);
			defaultConfigurationIsVisible = 0;
			defaultConfigurationName = Release;
		};
		AC67AF5217E89ABB009A9A0B /* Build configuration list for PBXNativeTarget "Bahamut_KyoMaTests" */ = {
			isa = XCConfigurationList;
			buildConfigurations = (
				AC67AF5317E89ABB009A9A0B /* Debug */,
				AC67AF5417E89ABB009A9A0B /* Release */,
			);
			defaultConfigurationIsVisible = 0;
			defaultConfigurationName = Release;
		};
/* End XCConfigurationList section */
	};
	rootObject = AC67AF0117E89ABA009A9A0B /* Project object */;
}
